
Microsoft Visual Studio Solution File, Format Version 12.00
# Visual Studio Version 17
VisualStudioVersion = 17.5.002.0
MinimumVisualStudioVersion = 10.0.40219.1
Project("{9A19103F-16F7-4668-BE54-9A1E7A4F7556}") = "port-inventory", "port-inventory.csproj", "{31CD34DD-EF70-4395-B01D-C50DA0561CD1}"
EndProject
Global
	GlobalSection(SolutionConfigurationPlatforms) = preSolution
		Debug|Any CPU = Debug|Any CPU
		Release|Any CPU = Release|Any CPU
	EndGlobalSection
	GlobalSection(ProjectConfigurationPlatforms) = postSolution
		{31CD34DD-EF70-4395-B01D-C50DA0561CD1}.Debug|Any CPU.ActiveCfg = Debug|Any CPU
		{31CD34DD-EF70-4395-B01D-C50DA0561CD1}.Debug|Any CPU.Build.0 = Debug|Any CPU
		{31CD34DD-EF70-4395-B01D-C50DA0561CD1}.Release|Any CPU.ActiveCfg = Release|Any CPU
		{31CD34DD-EF70-4395-B01D-C50DA0561CD1}.Release|Any CPU.Build.0 = Release|Any CPU
	EndGlobalSection
	GlobalSection(SolutionProperties) = preSolution
		HideSolutionNode = FALSE
	EndGlobalSection
	GlobalSection(ExtensibilityGlobals) = postSolution
		SolutionGuid = {EAF0455C-FBB6-47C4-B621-D35356652C8B}
	EndGlobalSection
EndGlobal
